hash: aa3313d279fdff7629632676678092f79f7d06aa660ea28595f6d1fe79c1a14f
updated: 2018-08-03T09:21:26.281129936-05:00
imports:
- name: github.com/blakeroberts-wk/mustache
  version: 75a03c7453e997af073834d7dc39247397706c51
- name: github.com/gorilla/context
  version: 08b5f424b9271eedf6f9f0ce86cb9396ed337a42
- name: github.com/gorilla/mux
  version: e3702bed27f0d39777b0b37b664b6280e8ef8fbf
- name: golang.org/x/net
  version: f4c29de78a2a91c00474a2e689954305c350adf9
  subpackages:
  - context
testImports:
- name: github.com/davecgh/go-spew
  version: 346938d642f2ec3594ed81d874461961cd0faa76
  subpackages:
  - spew
- name: github.com/pmezard/go-difflib
  version: 792786c7400a136282c1664665ae0a8db921c6c2
  subpackages:
  - difflib
- name: github.com/stretchr/objx
  version: b8b73a35e9830ae509858c10dec5866b4d5c8bff
- name: github.com/stretchr/testify
  version: f35b8ab0b5a2cef36673838d662e249dd9c94686
  subpackages:
  - assert
  - mock
- name: gopkg.in/yaml.v1
  version: 5420a8b6744d3b0345ab293f6fcba19c978f1183
